
Microsoft Visual Studio Solution File, Format Version 12.00
# Visual Studio Version 16
VisualStudioVersion = 16.0.29102.190
MinimumVisualStudioVersion = 10.0.40219.1
Project("{FAE04EC0-301F-11D3-BF4B-00C04F79EFBC}") = "Week1.MVC", "Week1.MVC\Week1.MVC.csproj", "{8B339A47-A4B2-4765-89A2-59854DAA441D}"
EndProject
Project("{FAE04EC0-301F-11D3-BF4B-00C04F79EFBC}") = "Model", "Model\Model.csproj", "{6FE24F6A-3B8E-4B26-9149-B52680D84069}"
EndProject
Project("{FAE04EC0-301F-11D3-BF4B-00C04F79EFBC}") = "Dal", "Dal\Dal.csproj", "{0BF3ADBD-A240-41D1-A03B-E43F728D89F0}"
EndProject
Project("{FAE04EC0-301F-11D3-BF4B-00C04F79EFBC}") = "Bll", "Bll\Bll.csproj", "{76EF94E3-CD40-48B7-A496-90623040B875}"
EndProject
Global
	GlobalSection(SolutionConfigurationPlatforms) = preSolution
		Debug|Any CPU = Debug|Any CPU
		Release|Any CPU = Release|Any CPU
	EndGlobalSection
	GlobalSection(ProjectConfigurationPlatforms) = postSolution
		{8B339A47-A4B2-4765-89A2-59854DAA441D}.Debug|Any CPU.ActiveCfg = Debug|Any CPU
		{8B339A47-A4B2-4765-89A2-59854DAA441D}.Debug|Any CPU.Build.0 = Debug|Any CPU
		{8B339A47-A4B2-4765-89A2-59854DAA441D}.Release|Any CPU.ActiveCfg = Release|Any CPU
		{8B339A47-A4B2-4765-89A2-59854DAA441D}.Release|Any CPU.Build.0 = Release|Any CPU
		{6FE24F6A-3B8E-4B26-9149-B52680D84069}.Debug|Any CPU.ActiveCfg = Debug|Any CPU
		{6FE24F6A-3B8E-4B26-9149-B52680D84069}.Debug|Any CPU.Build.0 = Debug|Any CPU
		{6FE24F6A-3B8E-4B26-9149-B52680D84069}.Release|Any CPU.ActiveCfg = Release|Any CPU
		{6FE24F6A-3B8E-4B26-9149-B52680D84069}.Release|Any CPU.Build.0 = Release|Any CPU
		{0BF3ADBD-A240-41D1-A03B-E43F728D89F0}.Debug|Any CPU.ActiveCfg = Debug|Any CPU
		{0BF3ADBD-A240-41D1-A03B-E43F728D89F0}.Debug|Any CPU.Build.0 = Debug|Any CPU
		{0BF3ADBD-A240-41D1-A03B-E43F728D89F0}.Release|Any CPU.ActiveCfg = Release|Any CPU
		{0BF3ADBD-A240-41D1-A03B-E43F728D89F0}.Release|Any CPU.Build.0 = Release|Any CPU
		{76EF94E3-CD40-48B7-A496-90623040B875}.Debug|Any CPU.ActiveCfg = Debug|Any CPU
		{76EF94E3-CD40-48B7-A496-90623040B875}.Debug|Any CPU.Build.0 = Debug|Any CPU
		{76EF94E3-CD40-48B7-A496-90623040B875}.Release|Any CPU.ActiveCfg = Release|Any CPU
		{76EF94E3-CD40-48B7-A496-90623040B875}.Release|Any CPU.Build.0 = Release|Any CPU
	EndGlobalSection
	GlobalSection(SolutionProperties) = preSolution
		HideSolutionNode = FALSE
	EndGlobalSection
	GlobalSection(ExtensibilityGlobals) = postSolution
		SolutionGuid = {6D6EDCD8-FE4E-4220-950D-9C7BC1E810C7}
	EndGlobalSection
EndGlobal
